{
  "name": "@backinthirty/alexa-for-lg-webos-tv-skill",
  "version": "0.0.1",
  "lockfileVersion": 3,
  "requires": true,
  "packages": {
    "": {
      "name": "@backinthirty/alexa-for-lg-webos-tv-skill",
      "version": "0.0.1",
      "bundleDependencies": [
        "@backinthirty/alexa-for-lg-webos-tv-common",
        "ask-sdk-core",
        "ask-sdk-model",
        "certnames",
        "jose-node-cjs-runtime"
      ],
      "license": "MIT",
      "dependencies": {
        "@aws-sdk/client-dynamodb": "3.895.0",
        "@aws-sdk/lib-dynamodb": "3.895.0",
        "@backinthirty/alexa-for-lg-webos-tv-common": "*",
        "ask-sdk-core": "2.14.0",
        "ask-sdk-model": "1.86.0",
        "certnames": "1.0.4",
        "jose-node-cjs-runtime": "5.10.0"
      },
      "devDependencies": {
        "@types/aws-lambda": "8.10.159",
        "@types/node": "24.10.2",
        "tar-to-zip": "3.0.0"
      },
      "engines": {
        "node": ">=24.11.0"
      }
    },
    "../common": {
      "name": "@backinthirty/alexa-for-lg-webos-tv-common",
      "version": "0.0.1",
      "license": "MIT",
      "devDependencies": {
        "@types/node": "24.10.2"
      },
      "engines": {
        "node": ">=24.11.0"
      }
    },
    "../common/node_modules/@types/node": {
      "version": "24.10.2",
      "dev": true,
      "license": "MIT",
      "dependencies": {
        "undici-types": "~7.16.0"
      }
    },
    "../common/node_modules/undici-types": {
      "version": "7.16.0",
      "dev": true,
      "license": "MIT"
    },
    "node_modules/@aws-crypto/sha256-browser": {
      "version": "5.2.0",
      "license": "Apache-2.0",
      "dependencies": {
        "@aws-crypto/sha256-js": "^5.2.0",
        "@aws-crypto/supports-web-crypto": "^5.2.0",
        "@aws-crypto/util": "^5.2.0",
        "@aws-sdk/types": "^3.222.0",
        "@aws-sdk/util-locate-window": "^3.0.0",
        "@smithy/util-utf8": "^2.0.0",
        "tslib": "^2.6.2"
      }
    },
    "node_modules/@aws-crypto/sha256-browser/node_modules/@smithy/is-array-buffer": {
      "version": "2.2.0",
      "license": "Apache-2.0",
      "dependencies": {
        "tslib": "^2.6.2"
      },
      "engines": {
        "node": ">=14.0.0"
      }
    },
    "node_modules/@aws-crypto/sha256-browser/node_modules/@smithy/util-buffer-from": {
      "version": "2.2.0",
      "license": "Apache-2.0",
      "dependencies": {
        "@smithy/is-array-buffer": "^2.2.0",
        "tslib": "^2.6.2"
      },
      "engines": {
        "node": ">=14.0.0"
      }
    },
    "node_modules/@aws-crypto/sha256-browser/node_modules/@smithy/util-utf8": {
      "version": "2.3.0",
      "license": "Apache-2.0",
      "dependencies": {
        "@smithy/util-buffer-from": "^2.2.0",
        "tslib": "^2.6.2"
      },
      "engines": {
        "node": ">=14.0.0"
      }
    },
    "node_modules/@aws-crypto/sha256-js": {
      "version": "5.2.0",
      "license": "Apache-2.0",
      "dependencies": {
        "@aws-crypto/util": "^5.2.0",
        "@aws-sdk/types": "^3.222.0",
        "tslib": "^2.6.2"
      },
      "engines": {
        "node": ">=16.0.0"
      }
    },
    "node_modules/@aws-crypto/supports-web-crypto": {
      "version": "5.2.0",
      "license": "Apache-2.0",
      "dependencies": {
        "tslib": "^2.6.2"
      }
    },
    "node_modules/@aws-crypto/util": {
      "version": "5.2.0",
      "license": "Apache-2.0",
      "dependencies": {
        "@aws-sdk/types": "^3.222.0",
        "@smithy/util-utf8": "^2.0.0",
        "tslib": "^2.6.2"
      }
    },
    "node_modules/@aws-crypto/util/node_modules/@smithy/is-array-buffer": {
      "version": "2.2.0",
      "license": "Apache-2.0",
      "dependencies": {
        "tslib": "^2.6.2"
      },
      "engines": {
        "node": ">=14.0.0"
      }
    },
    "node_modules/@aws-crypto/util/node_modules/@smithy/util-buffer-from": {
      "version": "2.2.0",
      "license": "Apache-2.0",
      "dependencies": {
        "@smithy/is-array-buffer": "^2.2.0",
        "tslib": "^2.6.2"
      },
      "engines": {
        "node": ">=14.0.0"
      }
    },
    "node_modules/@aws-crypto/util/node_modules/@smithy/util-utf8": {
      "version": "2.3.0",
      "license": "Apache-2.0",
      "dependencies": {
        "@smithy/util-buffer-from": "^2.2.0",
        "tslib": "^2.6.2"
      },
      "engines": {
        "node": ">=14.0.0"
      }
    },
    "node_modules/@aws-sdk/client-dynamodb": {
      "version": "3.895.0",
      "license": "Apache-2.0",
      "peer": true,
      "dependencies": {
        "@aws-crypto/sha256-browser": "5.2.0",
        "@aws-crypto/sha256-js": "5.2.0",
        "@aws-sdk/core": "3.894.0",
        "@aws-sdk/credential-provider-node": "3.895.0",
        "@aws-sdk/middleware-endpoint-discovery": "3.893.0",
        "@aws-sdk/middleware-host-header": "3.893.0",
        "@aws-sdk/middleware-logger": "3.893.0",
        "@aws-sdk/middleware-recursion-detection": "3.893.0",
        "@aws-sdk/middleware-user-agent": "3.895.0",
        "@aws-sdk/region-config-resolver": "3.893.0",
        "@aws-sdk/types": "3.893.0",
        "@aws-sdk/util-endpoints": "3.895.0",
        "@aws-sdk/util-user-agent-browser": "3.893.0",
        "@aws-sdk/util-user-agent-node": "3.895.0",
        "@smithy/config-resolver": "^4.2.2",
        "@smithy/core": "^3.11.1",
        "@smithy/fetch-http-handler": "^5.2.1",
        "@smithy/hash-node": "^4.1.1",
        "@smithy/invalid-dependency": "^4.1.1",
        "@smithy/middleware-content-length": "^4.1.1",
        "@smithy/middleware-endpoint": "^4.2.3",
        "@smithy/middleware-retry": "^4.2.4",
        "@smithy/middleware-serde": "^4.1.1",
        "@smithy/middleware-stack": "^4.1.1",
        "@smithy/node-config-provider": "^4.2.2",
        "@smithy/node-http-handler": "^4.2.1",
        "@smithy/protocol-http": "^5.2.1",
        "@smithy/smithy-client": "^4.6.3",
        "@smithy/types": "^4.5.0",
        "@smithy/url-parser": "^4.1.1",
        "@smithy/util-base64": "^4.1.0",
        "@smithy/util-body-length-browser": "^4.1.0",
        "@smithy/util-body-length-node": "^4.1.0",
        "@smithy/util-defaults-mode-browser": "^4.1.3",
        "@smithy/util-defaults-mode-node": "^4.1.3",
        "@smithy/util-endpoints": "^3.1.2",
        "@smithy/util-middleware": "^4.1.1",
        "@smithy/util-retry": "^4.1.2",
        "@smithy/util-utf8": "^4.1.0",
        "@smithy/util-waiter": "^4.1.1",
        "@types/uuid": "^9.0.1",
        "tslib": "^2.6.2",
        "uuid": "^9.0.1"
      },
      "engines": {
        "node": ">=18.0.0"
      }
    },
    "node_modules/@aws-sdk/client-sso": {
      "version": "3.895.0",
      "license": "Apache-2.0",
      "dependencies": {
        "@aws-crypto/sha256-browser": "5.2.0",
        "@aws-crypto/sha256-js": "5.2.0",
        "@aws-sdk/core": "3.894.0",
        "@aws-sdk/middleware-host-header": "3.893.0",
        "@aws-sdk/middleware-logger": "3.893.0",
        "@aws-sdk/middleware-recursion-detection": "3.893.0",
        "@aws-sdk/middleware-user-agent": "3.895.0",
        "@aws-sdk/region-config-resolver": "3.893.0",
        "@aws-sdk/types": "3.893.0",
        "@aws-sdk/util-endpoints": "3.895.0",
        "@aws-sdk/util-user-agent-browser": "3.893.0",
        "@aws-sdk/util-user-agent-node": "3.895.0",
        "@smithy/config-resolver": "^4.2.2",
        "@smithy/core": "^3.11.1",
        "@smithy/fetch-http-handler": "^5.2.1",
        "@smithy/hash-node": "^4.1.1",
        "@smithy/invalid-dependency": "^4.1.1",
        "@smithy/middleware-content-length": "^4.1.1",
        "@smithy/middleware-endpoint": "^4.2.3",
        "@smithy/middleware-retry": "^4.2.4",
        "@smithy/middleware-serde": "^4.1.1",
        "@smithy/middleware-stack": "^4.1.1",
        "@smithy/node-config-provider": "^4.2.2",
        "@smithy/node-http-handler": "^4.2.1",
        "@smithy/protocol-http": "^5.2.1",
        "@smithy/smithy-client": "^4.6.3",
        "@smithy/types": "^4.5.0",
        "@smithy/url-parser": "^4.1.1",
        "@smithy/util-base64": "^4.1.0",
        "@smithy/util-body-length-browser": "^4.1.0",
        "@smithy/util-body-length-node": "^4.1.0",
        "@smithy/util-defaults-mode-browser": "^4.1.3",
        "@smithy/util-defaults-mode-node": "^4.1.3",
        "@smithy/util-endpoints": "^3.1.2",
        "@smithy/util-middleware": "^4.1.1",
        "@smithy/util-retry": "^4.1.2",
        "@smithy/util-utf8": "^4.1.0",
        "tslib": "^2.6.2"
      },
      "engines": {
        "node": ">=18.0.0"
      }
    },
    "node_modules/@aws-sdk/core": {
      "version": "3.894.0",
      "license": "Apache-2.0",
      "dependencies": {
        "@aws-sdk/types": "3.893.0",
        "@aws-sdk/xml-builder": "3.894.0",
        "@smithy/core": "^3.11.1",
        "@smithy/node-config-provider": "^4.2.2",
        "@smithy/property-provider": "^4.1.1",
        "@smithy/protocol-http": "^5.2.1",
        "@smithy/signature-v4": "^5.2.1",
        "@smithy/smithy-client": "^4.6.3",
        "@smithy/types": "^4.5.0",
        "@smithy/util-base64": "^4.1.0",
        "@smithy/util-body-length-browser": "^4.1.0",
        "@smithy/util-middleware": "^4.1.1",
        "@smithy/util-utf8": "^4.1.0",
        "tslib": "^2.6.2"
      },
      "engines": {
        "node": ">=18.0.0"
      }
    },
    "node_modules/@aws-sdk/credential-provider-env": {
      "version": "3.894.0",
      "license": "Apache-2.0",
      "dependencies": {
        "@aws-sdk/core": "3.894.0",
        "@aws-sdk/types": "3.893.0",
        "@smithy/property-provider": "^4.1.1",
        "@smithy/types": "^4.5.0",
        "tslib": "^2.6.2"
      },
      "engines": {
        "node": ">=18.0.0"
      }
    },
    "node_modules/@aws-sdk/credential-provider-http": {
      "version": "3.894.0",
      "license": "Apache-2.0",
      "dependencies": {
        "@aws-sdk/core": "3.894.0",
        "@aws-sdk/types": "3.893.0",
        "@smithy/fetch-http-handler": "^5.2.1",
        "@smithy/node-http-handler": "^4.2.1",
        "@smithy/property-provider": "^4.1.1",
        "@smithy/protocol-http": "^5.2.1",
        "@smithy/smithy-client": "^4.6.3",
        "@smithy/types": "^4.5.0",
        "@smithy/util-stream": "^4.3.2",
        "tslib": "^2.6.2"
      },
      "engines": {
        "node": ">=18.0.0"
      }
    },
    "node_modules/@aws-sdk/credential-provider-ini": {
      "version": "3.895.0",
      "license": "Apache-2.0",
      "dependencies": {
        "@aws-sdk/core": "3.894.0",
        "@aws-sdk/credential-provider-env": "3.894.0",
        "@aws-sdk/credential-provider-http": "3.894.0",
        "@aws-sdk/credential-provider-process": "3.894.0",
        "@aws-sdk/credential-provider-sso": "3.895.0",
        "@aws-sdk/credential-provider-web-identity": "3.895.0",
        "@aws-sdk/nested-clients": "3.895.0",
        "@aws-sdk/types": "3.893.0",
        "@smithy/credential-provider-imds": "^4.1.2",
        "@smithy/property-provider": "^4.1.1",
        "@smithy/shared-ini-file-loader": "^4.2.0",
        "@smithy/types": "^4.5.0",
        "tslib": "^2.6.2"
      },
      "engines": {
        "node": ">=18.0.0"
      }
    },
    "node_modules/@aws-sdk/credential-provider-node": {
      "version": "3.895.0",
      "license": "Apache-2.0",
      "dependencies": {
        "@aws-sdk/credential-provider-env": "3.894.0",
        "@aws-sdk/credential-provider-http": "3.894.0",
        "@aws-sdk/credential-provider-ini": "3.895.0",
        "@aws-sdk/credential-provider-process": "3.894.0",
        "@aws-sdk/credential-provider-sso": "3.895.0",
        "@aws-sdk/credential-provider-web-identity": "3.895.0",
        "@aws-sdk/types": "3.893.0",
        "@smithy/credential-provider-imds": "^4.1.2",
        "@smithy/property-provider": "^4.1.1",
        "@smithy/shared-ini-file-loader": "^4.2.0",
        "@smithy/types": "^4.5.0",
        "tslib": "^2.6.2"
      },
      "engines": {
        "node": ">=18.0.0"
      }
    },
    "node_modules/@aws-sdk/credential-provider-process": {
      "version": "3.894.0",
      "license": "Apache-2.0",
      "dependencies": {
        "@aws-sdk/core": "3.894.0",
        "@aws-sdk/types": "3.893.0",
        "@smithy/property-provider": "^4.1.1",
        "@smithy/shared-ini-file-loader": "^4.2.0",
        "@smithy/types": "^4.5.0",
        "tslib": "^2.6.2"
      },
      "engines": {
        "node": ">=18.0.0"
      }
    },
    "node_modules/@aws-sdk/credential-provider-sso": {
      "version": "3.895.0",
      "license": "Apache-2.0",
      "dependencies": {
        "@aws-sdk/client-sso": "3.895.0",
        "@aws-sdk/core": "3.894.0",
        "@aws-sdk/token-providers": "3.895.0",
        "@aws-sdk/types": "3.893.0",
        "@smithy/property-provider": "^4.1.1",
        "@smithy/shared-ini-file-loader": "^4.2.0",
        "@smithy/types": "^4.5.0",
        "tslib": "^2.6.2"
      },
      "engines": {
        "node": ">=18.0.0"
      }
    },
    "node_modules/@aws-sdk/credential-provider-web-identity": {
      "version": "3.895.0",
      "license": "Apache-2.0",
      "dependencies": {
        "@aws-sdk/core": "3.894.0",
        "@aws-sdk/nested-clients": "3.895.0",
        "@aws-sdk/types": "3.893.0",
        "@smithy/property-provider": "^4.1.1",
        "@smithy/shared-ini-file-loader": "^4.2.0",
        "@smithy/types": "^4.5.0",
        "tslib": "^2.6.2"
      },
      "engines": {
        "node": ">=18.0.0"
      }
    },
    "node_modules/@aws-sdk/endpoint-cache": {
      "version": "3.893.0",
      "license": "Apache-2.0",
      "dependencies": {
        "mnemonist": "0.38.3",
        "tslib": "^2.6.2"
      },
      "engines": {
        "node": ">=18.0.0"
      }
    },
    "node_modules/@aws-sdk/lib-dynamodb": {
      "version": "3.895.0",
      "license": "Apache-2.0",
      "dependencies": {
        "@aws-sdk/core": "3.894.0",
        "@aws-sdk/util-dynamodb": "3.895.0",
        "@smithy/core": "^3.11.1",
        "@smithy/smithy-client": "^4.6.3",
        "@smithy/types": "^4.5.0",
        "tslib": "^2.6.2"
      },
      "engines": {
        "node": ">=18.0.0"
      },
      "peerDependencies": {
        "@aws-sdk/client-dynamodb": "^3.895.0"
      }
    },
    "node_modules/@aws-sdk/middleware-endpoint-discovery": {
      "version": "3.893.0",
      "license": "Apache-2.0",
      "dependencies": {
        "@aws-sdk/endpoint-cache": "3.893.0",
        "@aws-sdk/types": "3.893.0",
        "@smithy/node-config-provider": "^4.2.2",
        "@smithy/protocol-http": "^5.2.1",
        "@smithy/types": "^4.5.0",
        "tslib": "^2.6.2"
      },
      "engines": {
        "node": ">=18.0.0"
      }
    },
    "node_modules/@aws-sdk/middleware-host-header": {
      "version": "3.893.0",
      "license": "Apache-2.0",
      "dependencies": {
        "@aws-sdk/types": "3.893.0",
        "@smithy/protocol-http": "^5.2.1",
        "@smithy/types": "^4.5.0",
        "tslib": "^2.6.2"
      },
      "engines": {
        "node": ">=18.0.0"
      }
    },
    "node_modules/@aws-sdk/middleware-logger": {
      "version": "3.893.0",
      "license": "Apache-2.0",
      "dependencies": {
        "@aws-sdk/types": "3.893.0",
        "@smithy/types": "^4.5.0",
        "tslib": "^2.6.2"
      },
      "engines": {
        "node": ">=18.0.0"
      }
    },
    "node_modules/@aws-sdk/middleware-recursion-detection": {
      "version": "3.893.0",
      "license": "Apache-2.0",
      "dependencies": {
        "@aws-sdk/types": "3.893.0",
        "@aws/lambda-invoke-store": "^0.0.1",
        "@smithy/protocol-http": "^5.2.1",
        "@smithy/types": "^4.5.0",
        "tslib": "^2.6.2"
      },
      "engines": {
        "node": ">=18.0.0"
      }
    },
    "node_modules/@aws-sdk/middleware-user-agent": {
      "version": "3.895.0",
      "license": "Apache-2.0",
      "dependencies": {
        "@aws-sdk/core": "3.894.0",
        "@aws-sdk/types": "3.893.0",
        "@aws-sdk/util-endpoints": "3.895.0",
        "@smithy/core": "^3.11.1",
        "@smithy/protocol-http": "^5.2.1",
        "@smithy/types": "^4.5.0",
        "tslib": "^2.6.2"
      },
      "engines": {
        "node": ">=18.0.0"
      }
    },
    "node_modules/@aws-sdk/nested-clients": {
      "version": "3.895.0",
      "license": "Apache-2.0",
      "dependencies": {
        "@aws-crypto/sha256-browser": "5.2.0",
        "@aws-crypto/sha256-js": "5.2.0",
        "@aws-sdk/core": "3.894.0",
        "@aws-sdk/middleware-host-header": "3.893.0",
        "@aws-sdk/middleware-logger": "3.893.0",
        "@aws-sdk/middleware-recursion-detection": "3.893.0",
        "@aws-sdk/middleware-user-agent": "3.895.0",
        "@aws-sdk/region-config-resolver": "3.893.0",
        "@aws-sdk/types": "3.893.0",
        "@aws-sdk/util-endpoints": "3.895.0",
        "@aws-sdk/util-user-agent-browser": "3.893.0",
        "@aws-sdk/util-user-agent-node": "3.895.0",
        "@smithy/config-resolver": "^4.2.2",
        "@smithy/core": "^3.11.1",
        "@smithy/fetch-http-handler": "^5.2.1",
        "@smithy/hash-node": "^4.1.1",
        "@smithy/invalid-dependency": "^4.1.1",
        "@smithy/middleware-content-length": "^4.1.1",
        "@smithy/middleware-endpoint": "^4.2.3",
        "@smithy/middleware-retry": "^4.2.4",
        "@smithy/middleware-serde": "^4.1.1",
        "@smithy/middleware-stack": "^4.1.1",
        "@smithy/node-config-provider": "^4.2.2",
        "@smithy/node-http-handler": "^4.2.1",
        "@smithy/protocol-http": "^5.2.1",
        "@smithy/smithy-client": "^4.6.3",
        "@smithy/types": "^4.5.0",
        "@smithy/url-parser": "^4.1.1",
        "@smithy/util-base64": "^4.1.0",
        "@smithy/util-body-length-browser": "^4.1.0",
        "@smithy/util-body-length-node": "^4.1.0",
        "@smithy/util-defaults-mode-browser": "^4.1.3",
        "@smithy/util-defaults-mode-node": "^4.1.3",
        "@smithy/util-endpoints": "^3.1.2",
        "@smithy/util-middleware": "^4.1.1",
        "@smithy/util-retry": "^4.1.2",
        "@smithy/util-utf8": "^4.1.0",
        "tslib": "^2.6.2"
      },
      "engines": {
        "node": ">=18.0.0"
      }
    },
    "node_modules/@aws-sdk/region-config-resolver": {
      "version": "3.893.0",
      "license": "Apache-2.0",
      "dependencies": {
        "@aws-sdk/types": "3.893.0",
        "@smithy/node-config-provider": "^4.2.2",
        "@smithy/types": "^4.5.0",
        "@smithy/util-config-provider": "^4.1.0",
        "@smithy/util-middleware": "^4.1.1",
        "tslib": "^2.6.2"
      },
      "engines": {
        "node": ">=18.0.0"
      }
    },
    "node_modules/@aws-sdk/token-providers": {
      "version": "3.895.0",
      "license": "Apache-2.0",
      "dependencies": {
        "@aws-sdk/core": "3.894.0",
        "@aws-sdk/nested-clients": "3.895.0",
        "@aws-sdk/types": "3.893.0",
        "@smithy/property-provider": "^4.1.1",
        "@smithy/shared-ini-file-loader": "^4.2.0",
        "@smithy/types": "^4.5.0",
        "tslib": "^2.6.2"
      },
      "engines": {
        "node": ">=18.0.0"
      }
    },
    "node_modules/@aws-sdk/types": {
      "version": "3.893.0",
      "license": "Apache-2.0",
      "dependencies": {
        "@smithy/types": "^4.5.0",
        "tslib": "^2.6.2"
      },
      "engines": {
        "node": ">=18.0.0"
      }
    },
    "node_modules/@aws-sdk/util-dynamodb": {
      "version": "3.895.0",
      "license": "Apache-2.0",
      "dependencies": {
        "tslib": "^2.6.2"
      },
      "engines": {
        "node": ">=18.0.0"
      },
      "peerDependencies": {
        "@aws-sdk/client-dynamodb": "^3.895.0"
      }
    },
    "node_modules/@aws-sdk/util-endpoints": {
      "version": "3.895.0",
      "license": "Apache-2.0",
      "dependencies": {
        "@aws-sdk/types": "3.893.0",
        "@smithy/types": "^4.5.0",
        "@smithy/url-parser": "^4.1.1",
        "@smithy/util-endpoints": "^3.1.2",
        "tslib": "^2.6.2"
      },
      "engines": {
        "node": ">=18.0.0"
      }
    },
    "node_modules/@aws-sdk/util-locate-window": {
      "version": "3.893.0",
      "license": "Apache-2.0",
      "dependencies": {
        "tslib": "^2.6.2"
      },
      "engines": {
        "node": ">=18.0.0"
      }
    },
    "node_modules/@aws-sdk/util-user-agent-browser": {
      "version": "3.893.0",
      "license": "Apache-2.0",
      "dependencies": {
        "@aws-sdk/types": "3.893.0",
        "@smithy/types": "^4.5.0",
        "bowser": "^2.11.0",
        "tslib": "^2.6.2"
      }
    },
    "node_modules/@aws-sdk/util-user-agent-node": {
      "version": "3.895.0",
      "license": "Apache-2.0",
      "dependencies": {
        "@aws-sdk/middleware-user-agent": "3.895.0",
        "@aws-sdk/types": "3.893.0",
        "@smithy/node-config-provider": "^4.2.2",
        "@smithy/types": "^4.5.0",
        "tslib": "^2.6.2"
      },
      "engines": {
        "node": ">=18.0.0"
      },
      "peerDependencies": {
        "aws-crt": ">=1.0.0"
      },
      "peerDependenciesMeta": {
        "aws-crt": {
          "optional": true
        }
      }
    },
    "node_modules/@aws-sdk/xml-builder": {
      "version": "3.894.0",
      "license": "Apache-2.0",
      "dependencies": {
        "@smithy/types": "^4.5.0",
        "fast-xml-parser": "5.2.5",
        "tslib": "^2.6.2"
      },
      "engines": {
        "node": ">=18.0.0"
      }
    },
    "node_modules/@aws/lambda-invoke-store": {
      "version": "0.0.1",
      "license": "Apache-2.0",
      "engines": {
        "node": ">=18.0.0"
      }
    },
    "node_modules/@backinthirty/alexa-for-lg-webos-tv-common": {
      "resolved": "../common",
      "link": true
    },
    "node_modules/@smithy/abort-controller": {
      "version": "4.2.5",
      "license": "Apache-2.0",
      "dependencies": {
        "@smithy/types": "^4.9.0",
        "tslib": "^2.6.2"
      },
      "engines": {
        "node": ">=18.0.0"
      }
    },
    "node_modules/@smithy/config-resolver": {
      "version": "4.4.3",
      "license": "Apache-2.0",
      "dependencies": {
        "@smithy/node-config-provider": "^4.3.5",
        "@smithy/types": "^4.9.0",
        "@smithy/util-config-provider": "^4.2.0",
        "@smithy/util-endpoints": "^3.2.5",
        "@smithy/util-middleware": "^4.2.5",
        "tslib": "^2.6.2"
      },
      "engines": {
        "node": ">=18.0.0"
      }
    },
    "node_modules/@smithy/core": {
      "version": "3.18.7",
      "license": "Apache-2.0",
      "dependencies": {
        "@smithy/middleware-serde": "^4.2.6",
        "@smithy/protocol-http": "^5.3.5",
        "@smithy/types": "^4.9.0",
        "@smithy/util-base64": "^4.3.0",
        "@smithy/util-body-length-browser": "^4.2.0",
        "@smithy/util-middleware": "^4.2.5",
        "@smithy/util-stream": "^4.5.6",
        "@smithy/util-utf8": "^4.2.0",
        "@smithy/uuid": "^1.1.0",
        "tslib": "^2.6.2"
      },
      "engines": {
        "node": ">=18.0.0"
      }
    },
    "node_modules/@smithy/credential-provider-imds": {
      "version": "4.2.5",
      "license": "Apache-2.0",
      "dependencies": {
        "@smithy/node-config-provider": "^4.3.5",
        "@smithy/property-provider": "^4.2.5",
        "@smithy/types": "^4.9.0",
        "@smithy/url-parser": "^4.2.5",
        "tslib": "^2.6.2"
      },
      "engines": {
        "node": ">=18.0.0"
      }
    },
    "node_modules/@smithy/fetch-http-handler": {
      "version": "5.3.6",
      "license": "Apache-2.0",
      "dependencies": {
        "@smithy/protocol-http": "^5.3.5",
        "@smithy/querystring-builder": "^4.2.5",
        "@smithy/types": "^4.9.0",
        "@smithy/util-base64": "^4.3.0",
        "tslib": "^2.6.2"
      },
      "engines": {
        "node": ">=18.0.0"
      }
    },
    "node_modules/@smithy/hash-node": {
      "version": "4.2.5",
      "license": "Apache-2.0",
      "dependencies": {
        "@smithy/types": "^4.9.0",
        "@smithy/util-buffer-from": "^4.2.0",
        "@smithy/util-utf8": "^4.2.0",
        "tslib": "^2.6.2"
      },
      "engines": {
        "node": ">=18.0.0"
      }
    },
    "node_modules/@smithy/invalid-dependency": {
      "version": "4.2.5",
      "license": "Apache-2.0",
      "dependencies": {
        "@smithy/types": "^4.9.0",
        "tslib": "^2.6.2"
      },
      "engines": {
        "node": ">=18.0.0"
      }
    },
    "node_modules/@smithy/is-array-buffer": {
      "version": "4.2.0",
      "license": "Apache-2.0",
      "dependencies": {
        "tslib": "^2.6.2"
      },
      "engines": {
        "node": ">=18.0.0"
      }
    },
    "node_modules/@smithy/middleware-content-length": {
      "version": "4.2.5",
      "license": "Apache-2.0",
      "dependencies": {
        "@smithy/protocol-http": "^5.3.5",
        "@smithy/types": "^4.9.0",
        "tslib": "^2.6.2"
      },
      "engines": {
        "node": ">=18.0.0"
      }
    },
    "node_modules/@smithy/middleware-endpoint": {
      "version": "4.3.14",
      "license": "Apache-2.0",
      "dependencies": {
        "@smithy/core": "^3.18.7",
        "@smithy/middleware-serde": "^4.2.6",
        "@smithy/node-config-provider": "^4.3.5",
        "@smithy/shared-ini-file-loader": "^4.4.0",
        "@smithy/types": "^4.9.0",
        "@smithy/url-parser": "^4.2.5",
        "@smithy/util-middleware": "^4.2.5",
        "tslib": "^2.6.2"
      },
      "engines": {
        "node": ">=18.0.0"
      }
    },
    "node_modules/@smithy/middleware-retry": {
      "version": "4.4.14",
      "license": "Apache-2.0",
      "dependencies": {
        "@smithy/node-config-provider": "^4.3.5",
        "@smithy/protocol-http": "^5.3.5",
        "@smithy/service-error-classification": "^4.2.5",
        "@smithy/smithy-client": "^4.9.10",
        "@smithy/types": "^4.9.0",
        "@smithy/util-middleware": "^4.2.5",
        "@smithy/util-retry": "^4.2.5",
        "@smithy/uuid": "^1.1.0",
        "tslib": "^2.6.2"
      },
      "engines": {
        "node": ">=18.0.0"
      }
    },
    "node_modules/@smithy/middleware-serde": {
      "version": "4.2.6",
      "license": "Apache-2.0",
      "dependencies": {
        "@smithy/protocol-http": "^5.3.5",
        "@smithy/types": "^4.9.0",
        "tslib": "^2.6.2"
      },
      "engines": {
        "node": ">=18.0.0"
      }
    },
    "node_modules/@smithy/middleware-stack": {
      "version": "4.2.5",
      "license": "Apache-2.0",
      "dependencies": {
        "@smithy/types": "^4.9.0",
        "tslib": "^2.6.2"
      },
      "engines": {
        "node": ">=18.0.0"
      }
    },
    "node_modules/@smithy/node-config-provider": {
      "version": "4.3.5",
      "license": "Apache-2.0",
      "dependencies": {
        "@smithy/property-provider": "^4.2.5",
        "@smithy/shared-ini-file-loader": "^4.4.0",
        "@smithy/types": "^4.9.0",
        "tslib": "^2.6.2"
      },
      "engines": {
        "node": ">=18.0.0"
      }
    },
    "node_modules/@smithy/node-http-handler": {
      "version": "4.4.5",
      "license": "Apache-2.0",
      "dependencies": {
        "@smithy/abort-controller": "^4.2.5",
        "@smithy/protocol-http": "^5.3.5",
        "@smithy/querystring-builder": "^4.2.5",
        "@smithy/types": "^4.9.0",
        "tslib": "^2.6.2"
      },
      "engines": {
        "node": ">=18.0.0"
      }
    },
    "node_modules/@smithy/property-provider": {
      "version": "4.2.5",
      "license": "Apache-2.0",
      "dependencies": {
        "@smithy/types": "^4.9.0",
        "tslib": "^2.6.2"
      },
      "engines": {
        "node": ">=18.0.0"
      }
    },
    "node_modules/@smithy/protocol-http": {
      "version": "5.3.5",
      "license": "Apache-2.0",
      "dependencies": {
        "@smithy/types": "^4.9.0",
        "tslib": "^2.6.2"
      },
      "engines": {
        "node": ">=18.0.0"
      }
    },
    "node_modules/@smithy/querystring-builder": {
      "version": "4.2.5",
      "license": "Apache-2.0",
      "dependencies": {
        "@smithy/types": "^4.9.0",
        "@smithy/util-uri-escape": "^4.2.0",
        "tslib": "^2.6.2"
      },
      "engines": {
        "node": ">=18.0.0"
      }
    },
    "node_modules/@smithy/querystring-parser": {
      "version": "4.2.5",
      "license": "Apache-2.0",
      "dependencies": {
        "@smithy/types": "^4.9.0",
        "tslib": "^2.6.2"
      },
      "engines": {
        "node": ">=18.0.0"
      }
    },
    "node_modules/@smithy/service-error-classification": {
      "version": "4.2.5",
      "license": "Apache-2.0",
      "dependencies": {
        "@smithy/types": "^4.9.0"
      },
      "engines": {
        "node": ">=18.0.0"
      }
    },
    "node_modules/@smithy/shared-ini-file-loader": {
      "version": "4.4.0",
      "license": "Apache-2.0",
      "dependencies": {
        "@smithy/types": "^4.9.0",
        "tslib": "^2.6.2"
      },
      "engines": {
        "node": ">=18.0.0"
      }
    },
    "node_modules/@smithy/signature-v4": {
      "version": "5.3.5",
      "license": "Apache-2.0",
      "dependencies": {
        "@smithy/is-array-buffer": "^4.2.0",
        "@smithy/protocol-http": "^5.3.5",
        "@smithy/types": "^4.9.0",
        "@smithy/util-hex-encoding": "^4.2.0",
        "@smithy/util-middleware": "^4.2.5",
        "@smithy/util-uri-escape": "^4.2.0",
        "@smithy/util-utf8": "^4.2.0",
        "tslib": "^2.6.2"
      },
      "engines": {
        "node": ">=18.0.0"
      }
    },
    "node_modules/@smithy/smithy-client": {
      "version": "4.9.10",
      "license": "Apache-2.0",
      "dependencies": {
        "@smithy/core": "^3.18.7",
        "@smithy/middleware-endpoint": "^4.3.14",
        "@smithy/middleware-stack": "^4.2.5",
        "@smithy/protocol-http": "^5.3.5",
        "@smithy/types": "^4.9.0",
        "@smithy/util-stream": "^4.5.6",
        "tslib": "^2.6.2"
      },
      "engines": {
        "node": ">=18.0.0"
      }
    },
    "node_modules/@smithy/types": {
      "version": "4.9.0",
      "license": "Apache-2.0",
      "dependencies": {
        "tslib": "^2.6.2"
      },
      "engines": {
        "node": ">=18.0.0"
      }
    },
    "node_modules/@smithy/url-parser": {
      "version": "4.2.5",
      "license": "Apache-2.0",
      "dependencies": {
        "@smithy/querystring-parser": "^4.2.5",
        "@smithy/types": "^4.9.0",
        "tslib": "^2.6.2"
      },
      "engines": {
        "node": ">=18.0.0"
      }
    },
    "node_modules/@smithy/util-base64": {
      "version": "4.3.0",
      "license": "Apache-2.0",
      "dependencies": {
        "@smithy/util-buffer-from": "^4.2.0",
        "@smithy/util-utf8": "^4.2.0",
        "tslib": "^2.6.2"
      },
      "engines": {
        "node": ">=18.0.0"
      }
    },
    "node_modules/@smithy/util-body-length-browser": {
      "version": "4.2.0",
      "license": "Apache-2.0",
      "dependencies": {
        "tslib": "^2.6.2"
      },
      "engines": {
        "node": ">=18.0.0"
      }
    },
    "node_modules/@smithy/util-body-length-node": {
      "version": "4.2.1",
      "license": "Apache-2.0",
      "dependencies": {
        "tslib": "^2.6.2"
      },
      "engines": {
        "node": ">=18.0.0"
      }
    },
    "node_modules/@smithy/util-buffer-from": {
      "version": "4.2.0",
      "license": "Apache-2.0",
      "dependencies": {
        "@smithy/is-array-buffer": "^4.2.0",
        "tslib": "^2.6.2"
      },
      "engines": {
        "node": ">=18.0.0"
      }
    },
    "node_modules/@smithy/util-config-provider": {
      "version": "4.2.0",
      "license": "Apache-2.0",
      "dependencies": {
        "tslib": "^2.6.2"
      },
      "engines": {
        "node": ">=18.0.0"
      }
    },
    "node_modules/@smithy/util-defaults-mode-browser": {
      "version": "4.3.13",
      "license": "Apache-2.0",
      "dependencies": {
        "@smithy/property-provider": "^4.2.5",
        "@smithy/smithy-client": "^4.9.10",
        "@smithy/types": "^4.9.0",
        "tslib": "^2.6.2"
      },
      "engines": {
        "node": ">=18.0.0"
      }
    },
    "node_modules/@smithy/util-defaults-mode-node": {
      "version": "4.2.16",
      "license": "Apache-2.0",
      "dependencies": {
        "@smithy/config-resolver": "^4.4.3",
        "@smithy/credential-provider-imds": "^4.2.5",
        "@smithy/node-config-provider": "^4.3.5",
        "@smithy/property-provider": "^4.2.5",
        "@smithy/smithy-client": "^4.9.10",
        "@smithy/types": "^4.9.0",
        "tslib": "^2.6.2"
      },
      "engines": {
        "node": ">=18.0.0"
      }
    },
    "node_modules/@smithy/util-endpoints": {
      "version": "3.2.5",
      "license": "Apache-2.0",
      "dependencies": {
        "@smithy/node-config-provider": "^4.3.5",
        "@smithy/types": "^4.9.0",
        "tslib": "^2.6.2"
      },
      "engines": {
        "node": ">=18.0.0"
      }
    },
    "node_modules/@smithy/util-hex-encoding": {
      "version": "4.2.0",
      "license": "Apache-2.0",
      "dependencies": {
        "tslib": "^2.6.2"
      },
      "engines": {
        "node": ">=18.0.0"
      }
    },
    "node_modules/@smithy/util-middleware": {
      "version": "4.2.5",
      "license": "Apache-2.0",
      "dependencies": {
        "@smithy/types": "^4.9.0",
        "tslib": "^2.6.2"
      },
      "engines": {
        "node": ">=18.0.0"
      }
    },
    "node_modules/@smithy/util-retry": {
      "version": "4.2.5",
      "license": "Apache-2.0",
      "dependencies": {
        "@smithy/service-error-classification": "^4.2.5",
        "@smithy/types": "^4.9.0",
        "tslib": "^2.6.2"
      },
      "engines": {
        "node": ">=18.0.0"
      }
    },
    "node_modules/@smithy/util-stream": {
      "version": "4.5.6",
      "license": "Apache-2.0",
      "dependencies": {
        "@smithy/fetch-http-handler": "^5.3.6",
        "@smithy/node-http-handler": "^4.4.5",
        "@smithy/types": "^4.9.0",
        "@smithy/util-base64": "^4.3.0",
        "@smithy/util-buffer-from": "^4.2.0",
        "@smithy/util-hex-encoding": "^4.2.0",
        "@smithy/util-utf8": "^4.2.0",
        "tslib": "^2.6.2"
      },
      "engines": {
        "node": ">=18.0.0"
      }
    },
    "node_modules/@smithy/util-uri-escape": {
      "version": "4.2.0",
      "license": "Apache-2.0",
      "dependencies": {
        "tslib": "^2.6.2"
      },
      "engines": {
        "node": ">=18.0.0"
      }
    },
    "node_modules/@smithy/util-utf8": {
      "version": "4.2.0",
      "license": "Apache-2.0",
      "dependencies": {
        "@smithy/util-buffer-from": "^4.2.0",
        "tslib": "^2.6.2"
      },
      "engines": {
        "node": ">=18.0.0"
      }
    },
    "node_modules/@smithy/util-waiter": {
      "version": "4.2.5",
      "license": "Apache-2.0",
      "dependencies": {
        "@smithy/abort-controller": "^4.2.5",
        "@smithy/types": "^4.9.0",
        "tslib": "^2.6.2"
      },
      "engines": {
        "node": ">=18.0.0"
      }
    },
    "node_modules/@smithy/uuid": {
      "version": "1.1.0",
      "license": "Apache-2.0",
      "dependencies": {
        "tslib": "^2.6.2"
      },
      "engines": {
        "node": ">=18.0.0"
      }
    },
    "node_modules/@types/aws-lambda": {
      "version": "8.10.159",
      "dev": true,
      "license": "MIT"
    },
    "node_modules/@types/node": {
      "version": "24.10.2",
      "dev": true,
      "license": "MIT",
      "dependencies": {
        "undici-types": "~7.16.0"
      }
    },
    "node_modules/@types/uuid": {
      "version": "9.0.8",
      "license": "MIT"
    },
    "node_modules/ask-sdk-core": {
      "version": "2.14.0",
      "inBundle": true,
      "license": "Apache-2.0",
      "dependencies": {
        "ask-sdk-runtime": "^2.14.0"
      },
      "peerDependencies": {
        "ask-sdk-model": "^1.29.0"
      }
    },
    "node_modules/ask-sdk-model": {
      "version": "1.86.0",
      "inBundle": true,
      "license": "Apache-2.0",
      "peer": true
    },
    "node_modules/ask-sdk-runtime": {
      "version": "2.14.0",
      "inBundle": true,
      "license": "Apache-2.0"
    },
    "node_modules/asn1.js": {
      "version": "4.10.1",
      "inBundle": true,
      "license": "MIT",
      "peer": true,
      "dependencies": {
        "bn.js": "^4.0.0",
        "inherits": "^2.0.1",
        "minimalistic-assert": "^1.0.0"
      }
    },
    "node_modules/asn1.js-rfc3280": {
      "version": "4.0.0",
      "inBundle": true,
      "license": "MIT",
      "peerDependencies": {
        "asn1.js": "^4.0.0"
      }
    },
    "node_modules/base64-js": {
      "version": "1.5.1",
      "dev": true,
      "funding": [
        {
          "type": "github",
          "url": "https://github.com/sponsors/feross"
        },
        {
          "type": "patreon",
          "url": "https://www.patreon.com/feross"
        },
        {
          "type": "consulting",
          "url": "https://feross.org/support"
        }
      ],
      "license": "MIT"
    },
    "node_modules/bl": {
      "version": "4.1.0",
      "dev": true,
      "license": "MIT",
      "dependencies": {
        "buffer": "^5.5.0",
        "inherits": "^2.0.4",
        "readable-stream": "^3.4.0"
      }
    },
    "node_modules/bl/node_modules/readable-stream": {
      "version": "3.6.2",
      "dev": true,
      "license": "MIT",
      "dependencies": {
        "inherits": "^2.0.3",
        "string_decoder": "^1.1.1",
        "util-deprecate": "^1.0.1"
      },
      "engines": {
        "node": ">= 6"
      }
    },
    "node_modules/bn.js": {
      "version": "4.12.2",
      "inBundle": true,
      "license": "MIT"
    },
    "node_modules/bowser": {
      "version": "2.13.1",
      "license": "MIT"
    },
    "node_modules/browserify-zlib": {
      "version": "0.1.4",
      "dev": true,
      "license": "MIT",
      "dependencies": {
        "pako": "~0.2.0"
      }
    },
    "node_modules/buffer": {
      "version": "5.7.1",
      "dev": true,
      "funding": [
        {
          "type": "github",
          "url": "https://github.com/sponsors/feross"
        },
        {
          "type": "patreon",
          "url": "https://www.patreon.com/feross"
        },
        {
          "type": "consulting",
          "url": "https://feross.org/support"
        }
      ],
      "license": "MIT",
      "dependencies": {
        "base64-js": "^1.3.1",
        "ieee754": "^1.1.13"
      }
    },
    "node_modules/buffer-crc32": {
      "version": "0.2.13",
      "dev": true,
      "license": "MIT",
      "engines": {
        "node": "*"
      }
    },
    "node_modules/buffer-from": {
      "version": "1.1.2",
      "dev": true,
      "license": "MIT"
    },
    "node_modules/certnames": {
      "version": "1.0.4",
      "inBundle": true,
      "license": "MIT",
      "dependencies": {
        "asn1.js": "^4.6.2",
        "asn1.js-rfc3280": "^4.0.0"
      }
    },
    "node_modules/core-util-is": {
      "version": "1.0.3",
      "dev": true,
      "license": "MIT"
    },
    "node_modules/duplexify": {
      "version": "3.7.1",
      "dev": true,
      "license": "MIT",
      "dependencies": {
        "end-of-stream": "^1.0.0",
        "inherits": "^2.0.1",
        "readable-stream": "^2.0.0",
        "stream-shift": "^1.0.0"
      }
    },
    "node_modules/end-of-stream": {
      "version": "1.4.5",
      "dev": true,
      "license": "MIT",
      "dependencies": {
        "once": "^1.4.0"
      }
    },
    "node_modules/fast-xml-parser": {
      "version": "5.2.5",
      "funding": [
        {
          "type": "github",
          "url": "https://github.com/sponsors/NaturalIntelligence"
        }
      ],
      "license": "MIT",
      "dependencies": {
        "strnum": "^2.1.0"
      },
      "bin": {
        "fxparser": "src/cli/cli.js"
      }
    },
    "node_modules/fs-constants": {
      "version": "1.0.0",
      "dev": true,
      "license": "MIT"
    },
    "node_modules/gunzip-maybe": {
      "version": "1.4.2",
      "dev": true,
      "license": "MIT",
      "dependencies": {
        "browserify-zlib": "^0.1.4",
        "is-deflate": "^1.0.0",
        "is-gzip": "^1.0.0",
        "peek-stream": "^1.1.0",
        "pumpify": "^1.3.3",
        "through2": "^2.0.3"
      },
      "bin": {
        "gunzip-maybe": "bin.js"
      }
    },
    "node_modules/ieee754": {
      "version": "1.2.1",
      "dev": true,
      "funding": [
        {
          "type": "github",
          "url": "https://github.com/sponsors/feross"
        },
        {
          "type": "patreon",
          "url": "https://www.patreon.com/feross"
        },
        {
          "type": "consulting",
          "url": "https://feross.org/support"
        }
      ],
      "license": "BSD-3-Clause"
    },
    "node_modules/inherits": {
      "version": "2.0.4",
      "inBundle": true,
      "license": "ISC"
    },
    "node_modules/is-deflate": {
      "version": "1.0.0",
      "dev": true,
      "license": "MIT"
    },
    "node_modules/is-gzip": {
      "version": "1.0.0",
      "dev": true,
      "license": "MIT",
      "engines": {
        "node": ">=0.10.0"
      }
    },
    "node_modules/isarray": {
      "version": "1.0.0",
      "dev": true,
      "license": "MIT"
    },
    "node_modules/itchy": {
      "version": "1.0.0",
      "dev": true,
      "license": "MIT"
    },
    "node_modules/jose-node-cjs-runtime": {
      "version": "5.10.0",
      "inBundle": true,
      "license": "MIT",
      "funding": {
        "url": "https://github.com/sponsors/panva"
      }
    },
    "node_modules/minimalistic-assert": {
      "version": "1.0.1",
      "inBundle": true,
      "license": "ISC"
    },
    "node_modules/mnemonist": {
      "version": "0.38.3",
      "license": "MIT",
      "dependencies": {
        "obliterator": "^1.6.1"
      }
    },
    "node_modules/obliterator": {
      "version": "1.6.1",
      "license": "MIT"
    },
    "node_modules/once": {
      "version": "1.4.0",
      "dev": true,
      "license": "ISC",
      "dependencies": {
        "wrappy": "1"
      }
    },
    "node_modules/pako": {
      "version": "0.2.9",
      "dev": true,
      "license": "MIT"
    },
    "node_modules/peek-stream": {
      "version": "1.1.3",
      "dev": true,
      "license": "MIT",
      "dependencies": {
        "buffer-from": "^1.0.0",
        "duplexify": "^3.5.0",
        "through2": "^2.0.3"
      }
    },
    "node_modules/pipe-io": {
      "version": "4.0.1",
      "dev": true,
      "license": "MIT",
      "engines": {
        "node": ">=8"
      }
    },
    "node_modules/process-nextick-args": {
      "version": "2.0.1",
      "dev": true,
      "license": "MIT"
    },
    "node_modules/pump": {
      "version": "2.0.1",
      "dev": true,
      "license": "MIT",
      "dependencies": {
        "end-of-stream": "^1.1.0",
        "once": "^1.3.1"
      }
    },
    "node_modules/pumpify": {
      "version": "1.5.1",
      "dev": true,
      "license": "MIT",
      "dependencies": {
        "duplexify": "^3.6.0",
        "inherits": "^2.0.3",
        "pump": "^2.0.0"
      }
    },
    "node_modules/readable-stream": {
      "version": "2.3.8",
      "dev": true,
      "license": "MIT",
      "dependencies": {
        "core-util-is": "~1.0.0",
        "inherits": "~2.0.3",
        "isarray": "~1.0.0",
        "process-nextick-args": "~2.0.0",
        "safe-buffer": "~5.1.1",
        "string_decoder": "~1.1.1",
        "util-deprecate": "~1.0.1"
      }
    },
    "node_modules/safe-buffer": {
      "version": "5.1.2",
      "dev": true,
      "license": "MIT"
    },
    "node_modules/stream-shift": {
      "version": "1.0.3",
      "dev": true,
      "license": "MIT"
    },
    "node_modules/string_decoder": {
      "version": "1.1.1",
      "dev": true,
      "license": "MIT",
      "dependencies": {
        "safe-buffer": "~5.1.0"
      }
    },
    "node_modules/strnum": {
      "version": "2.1.1",
      "funding": [
        {
          "type": "github",
          "url": "https://github.com/sponsors/NaturalIntelligence"
        }
      ],
      "license": "MIT"
    },
    "node_modules/tar-stream": {
      "version": "2.2.0",
      "dev": true,
      "license": "MIT",
      "dependencies": {
        "bl": "^4.0.3",
        "end-of-stream": "^1.4.1",
        "fs-constants": "^1.0.0",
        "inherits": "^2.0.3",
        "readable-stream": "^3.1.1"
      },
      "engines": {
        "node": ">=6"
      }
    },
    "node_modules/tar-stream/node_modules/readable-stream": {
      "version": "3.6.2",
      "dev": true,
      "license": "MIT",
      "dependencies": {
        "inherits": "^2.0.3",
        "string_decoder": "^1.1.1",
        "util-deprecate": "^1.0.1"
      },
      "engines": {
        "node": ">= 6"
      }
    },
    "node_modules/tar-to-zip": {
      "version": "3.0.0",
      "dev": true,
      "license": "MIT",
      "dependencies": {
        "gunzip-maybe": "^1.3.1",
        "itchy": "^1.0.0",
        "pipe-io": "^4.0.1",
        "tar-stream": "^2.1.4",
        "try-to-catch": "^3.0.0",
        "yazl": "^2.4.2"
      },
      "bin": {
        "tar-to-zip": "bin/tar-to-zip.js",
        "tar2zip": "bin/tar-to-zip.js"
      },
      "engines": {
        "node": ">=10"
      }
    },
    "node_modules/through2": {
      "version": "2.0.5",
      "dev": true,
      "license": "MIT",
      "dependencies": {
        "readable-stream": "~2.3.6",
        "xtend": "~4.0.1"
      }
    },
    "node_modules/try-to-catch": {
      "version": "3.0.1",
      "dev": true,
      "license": "MIT",
      "engines": {
        "node": ">=6"
      }
    },
    "node_modules/tslib": {
      "version": "2.8.1",
      "license": "0BSD"
    },
    "node_modules/undici-types": {
      "version": "7.16.0",
      "dev": true,
      "license": "MIT"
    },
    "node_modules/util-deprecate": {
      "version": "1.0.2",
      "dev": true,
      "license": "MIT"
    },
    "node_modules/uuid": {
      "version": "9.0.1",
      "funding": [
        "https://github.com/sponsors/broofa",
        "https://github.com/sponsors/ctavan"
      ],
      "license": "MIT",
      "bin": {
        "uuid": "dist/bin/uuid"
      }
    },
    "node_modules/wrappy": {
      "version": "1.0.2",
      "dev": true,
      "license": "ISC"
    },
    "node_modules/xtend": {
      "version": "4.0.2",
      "dev": true,
      "license": "MIT",
      "engines": {
        "node": ">=0.4"
      }
    },
    "node_modules/yazl": {
      "version": "2.5.1",
      "dev": true,
      "license": "MIT",
      "dependencies": {
        "buffer-crc32": "~0.2.3"
      }
    }
  }
}
